
Microsoft Visual Studio Solution File, Format Version 12.00
# Visual Studio Version 17
VisualStudioVersion = 17.11.35312.102
MinimumVisualStudioVersion = 10.0.40219.1
Project("{FAE04EC0-301F-11D3-BF4B-00C04F79EFBC}") = "CsharpProjectStudentManagment", "CsharpProjectStudentManagment.csproj", "{1C8A0362-DC98-41D9-9483-297675BDE1E4}"
EndProject
Global
	GlobalSection(SolutionConfigurationPlatforms) = preSolution
		Debug|Any CPU = Debug|Any CPU
		Release|Any CPU = Release|Any CPU
	EndGlobalSection
	GlobalSection(ProjectConfigurationPlatforms) = postSolution
		{1C8A0362-DC98-41D9-9483-297675BDE1E4}.Debug|Any CPU.ActiveCfg = Debug|Any CPU
		{1C8A0362-DC98-41D9-9483-297675BDE1E4}.Debug|Any CPU.Build.0 = Debug|Any CPU
		{1C8A0362-DC98-41D9-9483-297675BDE1E4}.Release|Any CPU.ActiveCfg = Release|Any CPU
		{1C8A0362-DC98-41D9-9483-297675BDE1E4}.Release|Any CPU.Build.0 = Release|Any CPU
	EndGlobalSection
	GlobalSection(SolutionProperties) = preSolution
		HideSolutionNode = FALSE
	EndGlobalSection
	GlobalSection(ExtensibilityGlobals) = postSolution
		SolutionGuid = {8D2F6F7A-292C-4F29-8FDA-019D1591429B}
	EndGlobalSection
EndGlobal
